// !$*UTF8*$!
{
	archiveVersion = 1;
	classes = {
	};
	objectVersion = 56;
	objects = {

/* Begin PBXBuildFile section */
		546307672C4A5CE900FBCE2E /* AppDelegate.swift in Sources */ = {isa = PBXBuildFile; fileRef = 546307662C4A5CE900FBCE2E /* AppDelegate.swift */; };
		546307692C4A5CE900FBCE2E /* SceneDelegate.swift in Sources */ = {isa = PBXBuildFile; fileRef = 546307682C4A5CE900FBCE2E /* SceneDelegate.swift */; };
		5463076B2C4A5CE900FBCE2E /* ViewController.swift in Sources */ = {isa = PBXBuildFile; fileRef = 5463076A2C4A5CE900FBCE2E /* ViewController.swift */; };
		5463076E2C4A5CE900FBCE2E /* Base in Resources */ = {isa = PBXBuildFile; fileRef = 5463076D2C4A5CE900FBCE2E /* Base */; };
		546307702C4A5CEB00FBCE2E /* Assets.xcassets in Resources */ = {isa = PBXBuildFile; fileRef = 5463076F2C4A5CEB00FBCE2E /* Assets.xcassets */; };
		546307732C4A5CEB00FBCE2E /* Base in Resources */ = {isa = PBXBuildFile; fileRef = 546307722C4A5CEB00FBCE2E /* Base */; };
		5463077D2C4BFC0100FBCE2E /* WeatherViewController.swift in Sources */ = {isa = PBXBuildFile; fileRef = 5463077C2C4BFC0100FBCE2E /* WeatherViewController.swift */; };
		5463077F2C4BFD5200FBCE2E /* WeatherCell.swift in Sources */ = {isa = PBXBuildFile; fileRef = 5463077E2C4BFD5200FBCE2E /* WeatherCell.swift */; };
		546307812C4EA2BA00FBCE2E /* Weather.swift in Sources */ = {isa = PBXBuildFile; fileRef = 546307802C4EA2BA00FBCE2E /* Weather.swift */; };
		546307842C4EB0EA00FBCE2E /* Localizable.strings in Resources */ = {isa = PBXBuildFile; fileRef = 546307822C4EB0EA00FBCE2E /* Localizable.strings */; };
/* End PBXBuildFile section */

/* Begin PBXFileReference section */
		546307632C4A5CE900FBCE2E /* WeatherPhenomenaApp.app */ = {isa = PBXFileReference; explicitFileType = wrapper.application; includeInIndex = 0; path = WeatherPhenomenaApp.app; sourceTree = BUILT_PRODUCTS_DIR; };
		546307662C4A5CE900FBCE2E /* AppDelegate.swift */ = {isa = PBXFileReference; lastKnownFileType = sourcecode.swift; path = AppDelegate.swift; sourceTree = "<group>"; };
		546307682C4A5CE900FBCE2E /* SceneDelegate.swift */ = {isa = PBXFileReference; lastKnownFileType = sourcecode.swift; path = SceneDelegate.swift; sourceTree = "<group>"; };
		5463076A2C4A5CE900FBCE2E /* ViewController.swift */ = {isa = PBXFileReference; lastKnownFileType = sourcecode.swift; path = ViewController.swift; sourceTree = "<group>"; };
		5463076D2C4A5CE900FBCE2E /* Base */ = {isa = PBXFileReference; lastKnownFileType = file.storyboard; name = Base; path = Base.lproj/Main.storyboard; sourceTree = "<group>"; };
		5463076F2C4A5CEB00FBCE2E /* Assets.xcassets */ = {isa = PBXFileReference; lastKnownFileType = folder.assetcatalog; path = Assets.xcassets; sourceTree = "<group>"; };
		546307722C4A5CEB00FBCE2E /* Base */ = {isa = PBXFileReference; lastKnownFileType = file.storyboard; name = Base; path = Base.lproj/LaunchScreen.storyboard; sourceTree = "<group>"; };
		546307742C4A5CEB00FBCE2E /* Info.plist */ = {isa = PBXFileReference; lastKnownFileType = text.plist.xml; path = Info.plist; sourceTree = "<group>"; };
		5463077C2C4BFC0100FBCE2E /* WeatherViewController.swift */ = {isa = PBXFileReference; lastKnownFileType = sourcecode.swift; path = WeatherViewController.swift; sourceTree = "<group>"; };
		5463077E2C4BFD5200FBCE2E /* WeatherCell.swift */ = {isa = PBXFileReference; lastKnownFileType = sourcecode.swift; path = WeatherCell.swift; sourceTree = "<group>"; };
		546307802C4EA2BA00FBCE2E /* Weather.swift */ = {isa = PBXFileReference; lastKnownFileType = sourcecode.swift; path = Weather.swift; sourceTree = "<group>"; };
		546307832C4EB0EA00FBCE2E /* en */ = {isa = PBXFileReference; lastKnownFileType = text.plist.strings; name = en; path = en.lproj/Localizable.strings; sourceTree = "<group>"; };
		546307882C4EB19000FBCE2E /* ru */ = {isa = PBXFileReference; lastKnownFileType = text.plist.strings; name = ru; path = ru.lproj/Localizable.strings; sourceTree = "<group>"; };
/* End PBXFileReference section */

/* Begin PBXFrameworksBuildPhase section */
		546307602C4A5CE900FBCE2E /* Frameworks */ = {
			isa = PBXFrameworksBuildPhase;
			buildActionMask = 2147483647;
			files = (
			);
			runOnlyForDeploymentPostprocessing = 0;
		};
/* End PBXFrameworksBuildPhase section */

/* Begin PBXGroup section */
		5463075A2C4A5CE900FBCE2E = {
			isa = PBXGroup;
			children = (
				546307652C4A5CE900FBCE2E /* WeatherPhenomenaApp */,
				546307642C4A5CE900FBCE2E /* Products */,
			);
			sourceTree = "<group>";
		};
		546307642C4A5CE900FBCE2E /* Products */ = {
			isa = PBXGroup;
			children = (
				546307632C4A5CE900FBCE2E /* WeatherPhenomenaApp.app */,
			);
			name = Products;
			sourceTree = "<group>";
		};
		546307652C4A5CE900FBCE2E /* WeatherPhenomenaApp */ = {
			isa = PBXGroup;
			children = (
				546307822C4EB0EA00FBCE2E /* Localizable.strings */,
				546307662C4A5CE900FBCE2E /* AppDelegate.swift */,
				546307682C4A5CE900FBCE2E /* SceneDelegate.swift */,
				5463076A2C4A5CE900FBCE2E /* ViewController.swift */,
				5463077C2C4BFC0100FBCE2E /* WeatherViewController.swift */,
				546307802C4EA2BA00FBCE2E /* Weather.swift */,
				5463077E2C4BFD5200FBCE2E /* WeatherCell.swift */,
				5463076C2C4A5CE900FBCE2E /* Main.storyboard */,
				5463076F2C4A5CEB00FBCE2E /* Assets.xcassets */,
				546307712C4A5CEB00FBCE2E /* LaunchScreen.storyboard */,
				546307742C4A5CEB00FBCE2E /* Info.plist */,
			);
			path = WeatherPhenomenaApp;
			sourceTree = "<group>";
		};
/* End PBXGroup section */

/* Begin PBXNativeTarget section */
		546307622C4A5CE900FBCE2E /* WeatherPhenomenaApp */ = {
			isa = PBXNativeTarget;
			buildConfigurationList = 546307772C4A5CEB00FBCE2E /* Build configuration list for PBXNativeTarget "WeatherPhenomenaApp" */;
			buildPhases = (
				5463075F2C4A5CE900FBCE2E /* Sources */,
				546307602C4A5CE900FBCE2E /* Frameworks */,
				546307612C4A5CE900FBCE2E /* Resources */,
			);
			buildRules = (
			);
			dependencies = (
			);
			name = WeatherPhenomenaApp;
			productName = WeatherPhenomenaApp;
			productReference = 546307632C4A5CE900FBCE2E /* WeatherPhenomenaApp.app */;
			productType = "com.apple.product-type.application";
		};
/* End PBXNativeTarget section */

/* Begin PBXProject section */
		5463075B2C4A5CE900FBCE2E /* Project object */ = {
			isa = PBXProject;
			attributes = {
				BuildIndependentTargetsInParallel = 1;
				LastSwiftUpdateCheck = 1540;
				LastUpgradeCheck = 1540;
				TargetAttributes = {
					546307622C4A5CE900FBCE2E = {
						CreatedOnToolsVersion = 15.4;
					};
				};
			};
			buildConfigurationList = 5463075E2C4A5CE900FBCE2E /* Build configuration list for PBXProject "WeatherPhenomenaApp" */;
			compatibilityVersion = "Xcode 14.0";
			developmentRegion = en;
			hasScannedForEncodings = 0;
			knownRegions = (
				en,
				Base,
				ru,
			);
			mainGroup = 5463075A2C4A5CE900FBCE2E;
			productRefGroup = 546307642C4A5CE900FBCE2E /* Products */;
			projectDirPath = "";
			projectRoot = "";
			targets = (
				546307622C4A5CE900FBCE2E /* WeatherPhenomenaApp */,
			);
		};
/* End PBXProject section */

/* Begin PBXResourcesBuildPhase section */
		546307612C4A5CE900FBCE2E /* Resources */ = {
			isa = PBXResourcesBuildPhase;
			buildActionMask = 2147483647;
			files = (
				546307702C4A5CEB00FBCE2E /* Assets.xcassets in Resources */,
				546307842C4EB0EA00FBCE2E /* Localizable.strings in Resources */,
				546307732C4A5CEB00FBCE2E /* Base in Resources */,
				5463076E2C4A5CE900FBCE2E /* Base in Resources */,
			);
			runOnlyForDeploymentPostprocessing = 0;
		};
/* End PBXResourcesBuildPhase section */

/* Begin PBXSourcesBuildPhase section */
		5463075F2C4A5CE900FBCE2E /* Sources */ = {
			isa = PBXSourcesBuildPhase;
			buildActionMask = 2147483647;
			files = (
				5463076B2C4A5CE900FBCE2E /* ViewController.swift in Sources */,
				5463077D2C4BFC0100FBCE2E /* WeatherViewController.swift in Sources */,
				5463077F2C4BFD5200FBCE2E /* WeatherCell.swift in Sources */,
				546307672C4A5CE900FBCE2E /* AppDelegate.swift in Sources */,
				546307812C4EA2BA00FBCE2E /* Weather.swift in Sources */,
				546307692C4A5CE900FBCE2E /* SceneDelegate.swift in Sources */,
			);
			runOnlyForDeploymentPostprocessing = 0;
		};
/* End PBXSourcesBuildPhase section */

/* Begin PBXVariantGroup section */
		5463076C2C4A5CE900FBCE2E /* Main.storyboard */ = {
			isa = PBXVariantGroup;
			children = (
				5463076D2C4A5CE900FBCE2E /* Base */,
			);
			name = Main.storyboard;
			sourceTree = "<group>";
		};
		546307712C4A5CEB00FBCE2E /* LaunchScreen.storyboard */ = {
			isa = PBXVariantGroup;
			children = (
				546307722C4A5CEB00FBCE2E /* Base */,
			);
			name = LaunchScreen.storyboard;
			sourceTree = "<group>";
		};
		546307822C4EB0EA00FBCE2E /* Localizable.strings */ = {
			isa = PBXVariantGroup;
			children = (
				546307832C4EB0EA00FBCE2E /* en */,
				546307882C4EB19000FBCE2E /* ru */,
			);
			name = Localizable.strings;
			sourceTree = "<group>";
		};
/* End PBXVariantGroup section */

/* Begin XCBuildConfiguration section */
		546307752C4A5CEB00FBCE2E /* Debug */ = {
			isa = XCBuildConfiguration;
			buildSettings = {
				ALWAYS_SEARCH_USER_PATHS = NO;
				ASSETCATALOG_COMPILER_GENERATE_SWIFT_ASSET_SYMBOL_EXTENSIONS = YES;
				CLANG_ANALYZER_LOCALIZABILITY_NONLOCALIZED = YES;
				CLANG_ANALYZER_NONNULL = YES;
				CLANG_ANALYZER_NUMBER_OBJECT_CONVERSION = YES_AGGRESSIVE;
				CLANG_CXX_LANGUAGE_STANDARD = "gnu++20";
				CLANG_ENABLE_MODULES = YES;
				CLANG_ENABLE_OBJC_ARC = YES;
				CLANG_ENABLE_OBJC_WEAK = YES;
				CLANG_WARN_BLOCK_CAPTURE_AUTORELEASING = YES;
				CLANG_WARN_BOOL_CONVERSION = YES;
				CLANG_WARN_COMMA = YES;
				CLANG_WARN_CONSTANT_CONVERSION = YES;
				CLANG_WARN_DEPRECATED_OBJC_IMPLEMENTATIONS = YES;
				CLANG_WARN_DIRECT_OBJC_ISA_USAGE = YES_ERROR;
				CLANG_WARN_DOCUMENTATION_COMMENTS = YES;
				CLANG_WARN_EMPTY_BODY = YES;
				CLANG_WARN_ENUM_CONVERSION = YES;
				CLANG_WARN_INFINITE_RECURSION = YES;
				CLANG_WARN_INT_CONVERSION = YES;
				CLANG_WARN_NON_LITERAL_NULL_CONVERSION = YES;
				CLANG_WARN_OBJC_IMPLICIT_RETAIN_SELF = YES;
				CLANG_WARN_OBJC_LITERAL_CONVERSION = YES;
				CLANG_WARN_OBJC_ROOT_CLASS = YES_ERROR;
				CLANG_WARN_QUOTED_INCLUDE_IN_FRAMEWORK_HEADER = YES;
				CLANG_WARN_RANGE_LOOP_ANALYSIS = YES;
				CLANG_WARN_STRICT_PROTOTYPES = YES;
				CLANG_WARN_SUSPICIOUS_MOVE = YES;
				CLANG_WARN_UNGUARDED_AVAILABILITY = YES_AGGRESSIVE;
				CLANG_WARN_UNREACHABLE_CODE = YES;
				CLANG_WARN__DUPLICATE_METHOD_MATCH = YES;
				COPY_PHASE_STRIP = NO;
				DEBUG_INFORMATION_FORMAT = dwarf;
				ENABLE_STRICT_OBJC_MSGSEND = YES;
				ENABLE_TESTABILITY = YES;
				ENABLE_USER_SCRIPT_SANDBOXING = YES;
				GCC_C_LANGUAGE_STANDARD = gnu17;
				GCC_DYNAMIC_NO_PIC = NO;
				GCC_NO_COMMON_BLOCKS = YES;
				GCC_OPTIMIZATION_LEVEL = 0;
				GCC_PREPROCESSOR_DEFINITIONS = (
					"DEBUG=1",
					"$(inherited)",
				);
				GCC_WARN_64_TO_32_BIT_CONVERSION = YES;
				GCC_WARN_ABOUT_RETURN_TYPE = YES_ERROR;
				GCC_WARN_UNDECLARED_SELECTOR = YES;
				GCC_WARN_UNINITIALIZED_AUTOS = YES_AGGRESSIVE;
				GCC_WARN_UNUSED_FUNCTION = YES;
				GCC_WARN_UNUSED_VARIABLE = YES;
				IPHONEOS_DEPLOYMENT_TARGET = 17.5;
				LOCALIZATION_PREFERS_STRING_CATALOGS = YES;
				MTL_ENABLE_DEBUG_INFO = INCLUDE_SOURCE;
				MTL_FAST_MATH = YES;
				ONLY_ACTIVE_ARCH = YES;
				SDKROOT = iphoneos;
				SWIFT_ACTIVE_COMPILATION_CONDITIONS = "DEBUG $(inherited)";
				SWIFT_OPTIMIZATION_LEVEL = "-Onone";
			};
			name = Debug;
		};
		546307762C4A5CEB00FBCE2E /* Release */ = {
			isa = XCBuildConfiguration;
			buildSettings = {
				ALWAYS_SEARCH_USER_PATHS = NO;
				ASSETCATALOG_COMPILER_GENERATE_SWIFT_ASSET_SYMBOL_EXTENSIONS = YES;
				CLANG_ANALYZER_LOCALIZABILITY_NONLOCALIZED = YES;
				CLANG_ANALYZER_NONNULL = YES;
				CLANG_ANALYZER_NUMBER_OBJECT_CONVERSION = YES_AGGRESSIVE;
				CLANG_CXX_LANGUAGE_STANDARD = "gnu++20";
				CLANG_ENABLE_MODULES = YES;
				CLANG_ENABLE_OBJC_ARC = YES;
				CLANG_ENABLE_OBJC_WEAK = YES;
				CLANG_WARN_BLOCK_CAPTURE_AUTORELEASING = YES;
				CLANG_WARN_BOOL_CONVERSION = YES;
				CLANG_WARN_COMMA = YES;
				CLANG_WARN_CONSTANT_CONVERSION = YES;
				CLANG_WARN_DEPRECATED_OBJC_IMPLEMENTATIONS = YES;
				CLANG_WARN_DIRECT_OBJC_ISA_USAGE = YES_ERROR;
				CLANG_WARN_DOCUMENTATION_COMMENTS = YES;
				CLANG_WARN_EMPTY_BODY = YES;
				CLANG_WARN_ENUM_CONVERSION = YES;
				CLANG_WARN_INFINITE_RECURSION = YES;
				CLANG_WARN_INT_CONVERSION = YES;
				CLANG_WARN_NON_LITERAL_NULL_CONVERSION = YES;
				CLANG_WARN_OBJC_IMPLICIT_RETAIN_SELF = YES;
				CLANG_WARN_OBJC_LITERAL_CONVERSION = YES;
				CLANG_WARN_OBJC_ROOT_CLASS = YES_ERROR;
				CLANG_WARN_QUOTED_INCLUDE_IN_FRAMEWORK_HEADER = YES;
				CLANG_WARN_RANGE_LOOP_ANALYSIS = YES;
				CLANG_WARN_STRICT_PROTOTYPES = YES;
				CLANG_WARN_SUSPICIOUS_MOVE = YES;
				CLANG_WARN_UNGUARDED_AVAILABILITY = YES_AGGRESSIVE;
				CLANG_WARN_UNREACHABLE_CODE = YES;
				CLANG_WARN__DUPLICATE_METHOD_MATCH = YES;
				COPY_PHASE_STRIP = NO;
				DEBUG_INFORMATION_FORMAT = "dwarf-with-dsym";
				ENABLE_NS_ASSERTIONS = NO;
				ENABLE_STRICT_OBJC_MSGSEND = YES;
				ENABLE_USER_SCRIPT_SANDBOXING = YES;
				GCC_C_LANGUAGE_STANDARD = gnu17;
				GCC_NO_COMMON_BLOCKS = YES;
				GCC_WARN_64_TO_32_BIT_CONVERSION = YES;
				GCC_WARN_ABOUT_RETURN_TYPE = YES_ERROR;
				GCC_WARN_UNDECLARED_SELECTOR = YES;
				GCC_WARN_UNINITIALIZED_AUTOS = YES_AGGRESSIVE;
				GCC_WARN_UNUSED_FUNCTION = YES;
				GCC_WARN_UNUSED_VARIABLE = YES;
				IPHONEOS_DEPLOYMENT_TARGET = 17.5;
				LOCALIZATION_PREFERS_STRING_CATALOGS = YES;
				MTL_ENABLE_DEBUG_INFO = NO;
				MTL_FAST_MATH = YES;
				SDKROOT = iphoneos;
				SWIFT_COMPILATION_MODE = wholemodule;
				VALIDATE_PRODUCT = YES;
			};
			name = Release;
		};
		546307782C4A5CEB00FBCE2E /* Debug */ = {
			isa = XCBuildConfiguration;
			buildSettings = {
				ASSETCATALOG_COMPILER_APPICON_NAME = AppIcon;
				ASSETCATALOG_COMPILER_GLOBAL_ACCENT_COLOR_NAME = AccentColor;
				CODE_SIGN_STYLE = Automatic;
				CURRENT_PROJECT_VERSION = 1;
				DEVELOPMENT_TEAM = HJ6FH3722A;
				GENERATE_INFOPLIST_FILE = YES;
				INFOPLIST_FILE = WeatherPhenomenaApp/Info.plist;
				INFOPLIST_KEY_UIApplicationSupportsIndirectInputEvents = YES;
				INFOPLIST_KEY_UILaunchStoryboardName = LaunchScreen;
				INFOPLIST_KEY_UIMainStoryboardFile = Main;
				INFOPLIST_KEY_UISupportedInterfaceOrientations_iPad = "UIInterfaceOrientationPortrait UIInterfaceOrientationPortraitUpsideDown UIInterfaceOrientationLandscapeLeft UIInterfaceOrientationLandscapeRight";
				INFOPLIST_KEY_UISupportedInterfaceOrientations_iPhone = "UIInterfaceOrientationPortrait UIInterfaceOrientationLandscapeLeft UIInterfaceOrientationLandscapeRight";
				LD_RUNPATH_SEARCH_PATHS = (
					"$(inherited)",
					"@executable_path/Frameworks",
				);
				MARKETING_VERSION = 1.0;
				PRODUCT_BUNDLE_IDENTIFIER = com.ariuna.WeatherPhenomenaApp;
				PRODUCT_NAME = "$(TARGET_NAME)";
				SUPPORTED_PLATFORMS = "iphoneos iphonesimulator";
				SUPPORTS_MACCATALYST = NO;
				SUPPORTS_MAC_DESIGNED_FOR_IPHONE_IPAD = NO;
				SUPPORTS_XR_DESIGNED_FOR_IPHONE_IPAD = NO;
				SWIFT_EMIT_LOC_STRINGS = YES;
				SWIFT_VERSION = 5.0;
				TARGETED_DEVICE_FAMILY = 1;
			};
			name = Debug;
		};
		546307792C4A5CEB00FBCE2E /* Release */ = {
			isa = XCBuildConfiguration;
			buildSettings = {
				ASSETCATALOG_COMPILER_APPICON_NAME = AppIcon;
				ASSETCATALOG_COMPILER_GLOBAL_ACCENT_COLOR_NAME = AccentColor;
				CODE_SIGN_STYLE = Automatic;
				CURRENT_PROJECT_VERSION = 1;
				DEVELOPMENT_TEAM = HJ6FH3722A;
				GENERATE_INFOPLIST_FILE = YES;
				INFOPLIST_FILE = WeatherPhenomenaApp/Info.plist;
				INFOPLIST_KEY_UIApplicationSupportsIndirectInputEvents = YES;
				INFOPLIST_KEY_UILaunchStoryboardName = LaunchScreen;
				INFOPLIST_KEY_UIMainStoryboardFile = Main;
				INFOPLIST_KEY_UISupportedInterfaceOrientations_iPad = "UIInterfaceOrientationPortrait UIInterfaceOrientationPortraitUpsideDown UIInterfaceOrientationLandscapeLeft UIInterfaceOrientationLandscapeRight";
				INFOPLIST_KEY_UISupportedInterfaceOrientations_iPhone = "UIInterfaceOrientationPortrait UIInterfaceOrientationLandscapeLeft UIInterfaceOrientationLandscapeRight";
				LD_RUNPATH_SEARCH_PATHS = (
					"$(inherited)",
					"@executable_path/Frameworks",
				);
				MARKETING_VERSION = 1.0;
				PRODUCT_BUNDLE_IDENTIFIER = com.ariuna.WeatherPhenomenaApp;
				PRODUCT_NAME = "$(TARGET_NAME)";
				SUPPORTED_PLATFORMS = "iphoneos iphonesimulator";
				SUPPORTS_MACCATALYST = NO;
				SUPPORTS_MAC_DESIGNED_FOR_IPHONE_IPAD = NO;
				SUPPORTS_XR_DESIGNED_FOR_IPHONE_IPAD = NO;
				SWIFT_EMIT_LOC_STRINGS = YES;
				SWIFT_VERSION = 5.0;
				TARGETED_DEVICE_FAMILY = 1;
			};
			name = Release;
		};
/* End XCBuildConfiguration section */

/* Begin XCConfigurationList section */
		5463075E2C4A5CE900FBCE2E /* Build configuration list for PBXProject "WeatherPhenomenaApp" */ = {
			isa = XCConfigurationList;
			buildConfigurations = (
				546307752C4A5CEB00FBCE2E /* Debug */,
				546307762C4A5CEB00FBCE2E /* Release */,
			);
			defaultConfigurationIsVisible = 0;
			defaultConfigurationName = Release;
		};
		546307772C4A5CEB00FBCE2E /* Build configuration list for PBXNativeTarget "WeatherPhenomenaApp" */ = {
			isa = XCConfigurationList;
			buildConfigurations = (
				546307782C4A5CEB00FBCE2E /* Debug */,
				546307792C4A5CEB00FBCE2E /* Release */,
			);
			defaultConfigurationIsVisible = 0;
			defaultConfigurationName = Release;
		};
/* End XCConfigurationList section */
	};
	rootObject = 5463075B2C4A5CE900FBCE2E /* Project object */;
}
